
Microsoft Visual Studio Solution File, Format Version 12.00
# Visual Studio Version 16
VisualStudioVersion = 16.0.28803.352
MinimumVisualStudioVersion = 10.0.40219.1
Project("{FAE04EC0-301F-11D3-BF4B-00C04F79EFBC}") = "ChickEggGo2", "ChickEggGo2\ChickEggGo2.csproj", "{A2C12B44-131F-442B-BA7C-F3B7057A44F9}"
EndProject
Global
	GlobalSection(SolutionConfigurationPlatforms) = preSolution
		Debug|Any CPU = Debug|Any CPU
		Release|Any CPU = Release|Any CPU
	EndGlobalSection
	GlobalSection(ProjectConfigurationPlatforms) = postSolution
		{A2C12B44-131F-442B-BA7C-F3B7057A44F9}.Debug|Any CPU.ActiveCfg = Debug|Any CPU
		{A2C12B44-131F-442B-BA7C-F3B7057A44F9}.Debug|Any CPU.Build.0 = Debug|Any CPU
		{A2C12B44-131F-442B-BA7C-F3B7057A44F9}.Release|Any CPU.ActiveCfg = Release|Any CPU
		{A2C12B44-131F-442B-BA7C-F3B7057A44F9}.Release|Any CPU.Build.0 = Release|Any CPU
	EndGlobalSection
	GlobalSection(SolutionProperties) = preSolution
		HideSolutionNode = FALSE
	EndGlobalSection
	GlobalSection(ExtensibilityGlobals) = postSolution
		SolutionGuid = {0452E697-7041-43D3-9C62-145031499213}
	EndGlobalSection
EndGlobal
